
Microsoft Visual Studio Solution File, Format Version 12.00
# Visual Studio Version 17
VisualStudioVersion = 17.0.32126.317
MinimumVisualStudioVersion = 10.0.40219.1
Project("{FAE04EC0-301F-11D3-BF4B-00C04F79EFBC}") = "Composite", "Composite\Composite.csproj", "{3AAAF79D-F1C4-40D5-A3F3-4A431B640257}"
EndProject
Global
	GlobalSection(SolutionConfigurationPlatforms) = preSolution
		Debug|Any CPU = Debug|Any CPU
		Release|Any CPU = Release|Any CPU
	EndGlobalSection
	GlobalSection(ProjectConfigurationPlatforms) = postSolution
		{3AAAF79D-F1C4-40D5-A3F3-4A431B640257}.Debug|Any CPU.ActiveCfg = Debug|Any CPU
		{3AAAF79D-F1C4-40D5-A3F3-4A431B640257}.Debug|Any CPU.Build.0 = Debug|Any CPU
		{3AAAF79D-F1C4-40D5-A3F3-4A431B640257}.Release|Any CPU.ActiveCfg = Release|Any CPU
		{3AAAF79D-F1C4-40D5-A3F3-4A431B640257}.Release|Any CPU.Build.0 = Release|Any CPU
	EndGlobalSection
	GlobalSection(SolutionProperties) = preSolution
		HideSolutionNode = FALSE
	EndGlobalSection
	GlobalSection(ExtensibilityGlobals) = postSolution
		SolutionGuid = {47A99BA3-3C50-48C9-A78B-D1C2CC72EBC6}
	EndGlobalSection
EndGlobal
